
Microsoft Visual Studio Solution File, Format Version 12.00
# Visual Studio Version 16
VisualStudioVersion = 16.0.28803.202
MinimumVisualStudioVersion = 10.0.40219.1
Project("{FAE04EC0-301F-11D3-BF4B-00C04F79EFBC}") = "SwissTransport", "src\SwissTransport\SwissTransport.csproj", "{D0262178-A48F-4DE0-807B-E76B63E39421}"
EndProject
Project("{FAE04EC0-301F-11D3-BF4B-00C04F79EFBC}") = "SwissTransportTest", "tests\SwissTransportTest\SwissTransportTest.csproj", "{959C6E54-5B1C-40F5-938A-C57B17451421}"
EndProject
Project("{FAE04EC0-301F-11D3-BF4B-00C04F79EFBC}") = "GUI", "GUI\GUI.csproj", "{04B9AE8D-332C-4ACB-97F6-2CC4C09BBC44}"
EndProject
Project("{54435603-DBB4-11D2-8724-00A0C9A8B90C}") = "Nicht SBB-App Installer", "Nicht SBB-App Installer\Nicht SBB-App Installer.vdproj", "{234D96CD-624B-498C-9EA1-07E7E462BAFA}"
EndProject
Global
	GlobalSection(SolutionConfigurationPlatforms) = preSolution
		Debug|Any CPU = Debug|Any CPU
		Release|Any CPU = Release|Any CPU
	EndGlobalSection
	GlobalSection(ProjectConfigurationPlatforms) = postSolution
		{D0262178-A48F-4DE0-807B-E76B63E39421}.Debug|Any CPU.ActiveCfg = Debug|Any CPU
		{D0262178-A48F-4DE0-807B-E76B63E39421}.Debug|Any CPU.Build.0 = Debug|Any CPU
		{D0262178-A48F-4DE0-807B-E76B63E39421}.Release|Any CPU.ActiveCfg = Release|Any CPU
		{D0262178-A48F-4DE0-807B-E76B63E39421}.Release|Any CPU.Build.0 = Release|Any CPU
		{959C6E54-5B1C-40F5-938A-C57B17451421}.Debug|Any CPU.ActiveCfg = Debug|Any CPU
		{959C6E54-5B1C-40F5-938A-C57B17451421}.Debug|Any CPU.Build.0 = Debug|Any CPU
		{959C6E54-5B1C-40F5-938A-C57B17451421}.Release|Any CPU.ActiveCfg = Release|Any CPU
		{959C6E54-5B1C-40F5-938A-C57B17451421}.Release|Any CPU.Build.0 = Release|Any CPU
		{04B9AE8D-332C-4ACB-97F6-2CC4C09BBC44}.Debug|Any CPU.ActiveCfg = Debug|Any CPU
		{04B9AE8D-332C-4ACB-97F6-2CC4C09BBC44}.Debug|Any CPU.Build.0 = Debug|Any CPU
		{04B9AE8D-332C-4ACB-97F6-2CC4C09BBC44}.Release|Any CPU.ActiveCfg = Release|Any CPU
		{04B9AE8D-332C-4ACB-97F6-2CC4C09BBC44}.Release|Any CPU.Build.0 = Release|Any CPU
		{234D96CD-624B-498C-9EA1-07E7E462BAFA}.Debug|Any CPU.ActiveCfg = Debug
		{234D96CD-624B-498C-9EA1-07E7E462BAFA}.Release|Any CPU.ActiveCfg = Release
	EndGlobalSection
	GlobalSection(SolutionProperties) = preSolution
		HideSolutionNode = FALSE
	EndGlobalSection
	GlobalSection(ExtensibilityGlobals) = postSolution
		SolutionGuid = {BF3B227C-E52D-4396-BC8D-B955B3FB361D}
	EndGlobalSection
EndGlobal
